
Microsoft Visual Studio Solution File, Format Version 12.00
Project("{FAE04EC0-301F-11D3-BF4B-00C04F79EFBC}") = "RecipeScraper", "RecipeScraper\RecipeScraper.csproj", "{5F4BC757-7AEC-405F-8E3A-DDF4FFF2CFF0}"
EndProject
Project("{FAE04EC0-301F-11D3-BF4B-00C04F79EFBC}") = "RecipeScraper.Data", "RecipeScraper.Data\RecipeScraper.Data.csproj", "{48926A2C-BE6F-4BAC-84D8-B781C1E74AEC}"
EndProject
Global
	GlobalSection(SolutionConfigurationPlatforms) = preSolution
		Debug|Any CPU = Debug|Any CPU
		Release|Any CPU = Release|Any CPU
	EndGlobalSection
	GlobalSection(ProjectConfigurationPlatforms) = postSolution
		{5F4BC757-7AEC-405F-8E3A-DDF4FFF2CFF0}.Debug|Any CPU.ActiveCfg = Debug|Any CPU
		{5F4BC757-7AEC-405F-8E3A-DDF4FFF2CFF0}.Debug|Any CPU.Build.0 = Debug|Any CPU
		{5F4BC757-7AEC-405F-8E3A-DDF4FFF2CFF0}.Release|Any CPU.ActiveCfg = Release|Any CPU
		{5F4BC757-7AEC-405F-8E3A-DDF4FFF2CFF0}.Release|Any CPU.Build.0 = Release|Any CPU
		{48926A2C-BE6F-4BAC-84D8-B781C1E74AEC}.Debug|Any CPU.ActiveCfg = Debug|Any CPU
		{48926A2C-BE6F-4BAC-84D8-B781C1E74AEC}.Debug|Any CPU.Build.0 = Debug|Any CPU
		{48926A2C-BE6F-4BAC-84D8-B781C1E74AEC}.Release|Any CPU.ActiveCfg = Release|Any CPU
		{48926A2C-BE6F-4BAC-84D8-B781C1E74AEC}.Release|Any CPU.Build.0 = Release|Any CPU
	EndGlobalSection
EndGlobal
